
Microsoft Visual Studio Solution File, Format Version 12.00
# Visual Studio Version 17
VisualStudioVersion = 17.11.35312.102
MinimumVisualStudioVersion = 10.0.40219.1
Project("{FAE04EC0-301F-11D3-BF4B-00C04F79EFBC}") = "PodApp", "PodApp.csproj", "{457C175C-1234-48DB-ADB7-609CF65DD400}"
EndProject
Global
	GlobalSection(SolutionConfigurationPlatforms) = preSolution
		Debug|Any CPU = Debug|Any CPU
		Release|Any CPU = Release|Any CPU
	EndGlobalSection
	GlobalSection(ProjectConfigurationPlatforms) = postSolution
		{457C175C-1234-48DB-ADB7-609CF65DD400}.Debug|Any CPU.ActiveCfg = Debug|Any CPU
		{457C175C-1234-48DB-ADB7-609CF65DD400}.Debug|Any CPU.Build.0 = Debug|Any CPU
		{457C175C-1234-48DB-ADB7-609CF65DD400}.Release|Any CPU.ActiveCfg = Release|Any CPU
		{457C175C-1234-48DB-ADB7-609CF65DD400}.Release|Any CPU.Build.0 = Release|Any CPU
	EndGlobalSection
	GlobalSection(SolutionProperties) = preSolution
		HideSolutionNode = FALSE
	EndGlobalSection
	GlobalSection(ExtensibilityGlobals) = postSolution
		SolutionGuid = {F78F7493-D1C7-4FAE-9DB7-FB673BAD8A4A}
	EndGlobalSection
EndGlobal
